// !$*UTF8*$!
{
	archiveVersion = 1;
	classes = {
	};
	objectVersion = 46;
	objects = {

/* Begin PBXBuildFile section */
		20CB50FEA26EA0A1B4864578 /* ThrowUtils.swift in Sources */ = {isa = PBXBuildFile; fileRef = 20CB53D4426F5FBD98448A9C /* ThrowUtils.swift */; };
		20CB54B5212CC3ACDCFFB547 /* main.swift in Sources */ = {isa = PBXBuildFile; fileRef = 20CB502E74EB5421128144F8 /* main.swift */; };
		20CB5507FCED96D23F81484A /* Matrix.swift in Sources */ = {isa = PBXBuildFile; fileRef = 20CB5D9DAE0050D45A805777 /* Matrix.swift */; };
		20CB5DE7525B29B9DCE6EC07 /* Network.swift in Sources */ = {isa = PBXBuildFile; fileRef = 20CB59F0D650560436A1BDC3 /* Network.swift */; };
		20CB5F754C86C7DFBC4527A4 /* Layer.swift in Sources */ = {isa = PBXBuildFile; fileRef = 20CB57BF0011E5D862B57843 /* Layer.swift */; };
/* End PBXBuildFile section */

/* Begin PBXCopyFilesBuildPhase section */
		20CB5BD3CFBCB9C14D798FA6 /* CopyFiles */ = {
			isa = PBXCopyFilesBuildPhase;
			buildActionMask = 2147483647;
			dstPath = /usr/share/man/man1/;
			dstSubfolderSpec = 0;
			files = (
			);
			runOnlyForDeploymentPostprocessing = 1;
		};
/* End PBXCopyFilesBuildPhase section */

/* Begin PBXFileReference section */
		20CB502E74EB5421128144F8 /* main.swift */ = {isa = PBXFileReference; lastKnownFileType = sourcecode.swift; path = main.swift; sourceTree = "<group>"; };
		20CB53D4426F5FBD98448A9C /* ThrowUtils.swift */ = {isa = PBXFileReference; fileEncoding = 4; lastKnownFileType = sourcecode.swift; path = ThrowUtils.swift; sourceTree = "<group>"; };
		20CB57BF0011E5D862B57843 /* Layer.swift */ = {isa = PBXFileReference; fileEncoding = 4; lastKnownFileType = sourcecode.swift; path = Layer.swift; sourceTree = "<group>"; };
		20CB59F0D650560436A1BDC3 /* Network.swift */ = {isa = PBXFileReference; fileEncoding = 4; lastKnownFileType = sourcecode.swift; path = Network.swift; sourceTree = "<group>"; };
		20CB5C72D6DC7E2B99899954 /* simple-neural-network-swift */ = {isa = PBXFileReference; explicitFileType = "compiled.mach-o.executable"; includeInIndex = 0; path = "simple-neural-network-swift"; sourceTree = BUILT_PRODUCTS_DIR; };
		20CB5D9DAE0050D45A805777 /* Matrix.swift */ = {isa = PBXFileReference; fileEncoding = 4; lastKnownFileType = sourcecode.swift; path = Matrix.swift; sourceTree = "<group>"; };
		20CB5E805DF2D9765BF9AC93 /* .gitignore */ = {isa = PBXFileReference; lastKnownFileType = file.gitignore; path = .gitignore; sourceTree = "<group>"; };
/* End PBXFileReference section */

/* Begin PBXFrameworksBuildPhase section */
		20CB5D3CB4F0E790A11F65B0 /* Frameworks */ = {
			isa = PBXFrameworksBuildPhase;
			buildActionMask = 2147483647;
			files = (
			);
			runOnlyForDeploymentPostprocessing = 0;
		};
/* End PBXFrameworksBuildPhase section */

/* Begin PBXGroup section */
		20CB52AE98D74901CDD0B187 /* simple-neural-network-swift */ = {
			isa = PBXGroup;
			children = (
				20CB502E74EB5421128144F8 /* main.swift */,
				20CB57BF0011E5D862B57843 /* Layer.swift */,
				20CB5D9DAE0050D45A805777 /* Matrix.swift */,
				20CB59F0D650560436A1BDC3 /* Network.swift */,
				20CB53D4426F5FBD98448A9C /* ThrowUtils.swift */,
			);
			path = "simple-neural-network-swift";
			sourceTree = "<group>";
		};
		20CB53488FE7A178EC0B8679 /* Products */ = {
			isa = PBXGroup;
			children = (
				20CB5C72D6DC7E2B99899954 /* simple-neural-network-swift */,
			);
			name = Products;
			sourceTree = "<group>";
		};
		20CB57F7AE55B2F4B386D19B = {
			isa = PBXGroup;
			children = (
				20CB53488FE7A178EC0B8679 /* Products */,
				20CB52AE98D74901CDD0B187 /* simple-neural-network-swift */,
				20CB5E805DF2D9765BF9AC93 /* .gitignore */,
			);
			sourceTree = "<group>";
		};
/* End PBXGroup section */

/* Begin PBXNativeTarget section */
		20CB582F992926872F03FA38 /* simple-neural-network-swift */ = {
			isa = PBXNativeTarget;
			buildConfigurationList = 20CB5DF0E192AB8DE2FC8CF5 /* Build configuration list for PBXNativeTarget "simple-neural-network-swift" */;
			buildPhases = (
				20CB59C8A67AD3CFDCFD7839 /* Sources */,
				20CB5D3CB4F0E790A11F65B0 /* Frameworks */,
				20CB5BD3CFBCB9C14D798FA6 /* CopyFiles */,
			);
			buildRules = (
			);
			dependencies = (
			);
			name = "simple-neural-network-swift";
			productName = "simple-neural-network-swift";
			productReference = 20CB5C72D6DC7E2B99899954 /* simple-neural-network-swift */;
			productType = "com.apple.product-type.tool";
		};
/* End PBXNativeTarget section */

/* Begin PBXProject section */
		20CB53CB9535E2CF5B5ADDB3 /* Project object */ = {
			isa = PBXProject;
			attributes = {
				ORGANIZATIONNAME = AEGIS;
			};
			buildConfigurationList = 20CB59770AE90EC45BEE5D30 /* Build configuration list for PBXProject "simple-neural-network-swift" */;
			compatibilityVersion = "Xcode 3.2";
			developmentRegion = English;
			hasScannedForEncodings = 0;
			knownRegions = (
				en,
			);
			mainGroup = 20CB57F7AE55B2F4B386D19B;
			productRefGroup = 20CB53488FE7A178EC0B8679 /* Products */;
			projectDirPath = "";
			projectRoot = "";
			targets = (
				20CB582F992926872F03FA38 /* simple-neural-network-swift */,
			);
		};
/* End PBXProject section */

/* Begin PBXSourcesBuildPhase section */
		20CB59C8A67AD3CFDCFD7839 /* Sources */ = {
			isa = PBXSourcesBuildPhase;
			buildActionMask = 2147483647;
			files = (
				20CB54B5212CC3ACDCFFB547 /* main.swift in Sources */,
				20CB5F754C86C7DFBC4527A4 /* Layer.swift in Sources */,
				20CB5507FCED96D23F81484A /* Matrix.swift in Sources */,
				20CB5DE7525B29B9DCE6EC07 /* Network.swift in Sources */,
				20CB50FEA26EA0A1B4864578 /* ThrowUtils.swift in Sources */,
			);
			runOnlyForDeploymentPostprocessing = 0;
		};
/* End PBXSourcesBuildPhase section */

/* Begin XCBuildConfiguration section */
		20CB529372FB1BD5D401BDA2 /* Debug */ = {
			isa = XCBuildConfiguration;
			buildSettings = {
				PRODUCT_NAME = "$(TARGET_NAME)";
				SWIFT_VERSION = 5.0;
			};
			name = Debug;
		};
		20CB5574854CAFC62BD52119 /* Release */ = {
			isa = XCBuildConfiguration;
			buildSettings = {
				ALWAYS_SEARCH_USER_PATHS = NO;
				CLANG_ANALYZER_NONNULL = YES;
				CLANG_ANALYZER_NUMBER_OBJECT_CONVERSION = YES_AGGRESSIVE;
				CLANG_CXX_LANGUAGE_STANDARD = "gnu++14";
				CLANG_CXX_LIBRARY = "libc++";
				CLANG_ENABLE_MODULES = YES;
				CLANG_ENABLE_OBJC_ARC = YES;
				CLANG_ENABLE_OBJC_WEAK = YES;
				CLANG_WARN_BLOCK_CAPTURE_AUTORELEASING = YES;
				CLANG_WARN_BOOL_CONVERSION = YES;
				CLANG_WARN_COMMA = YES;
				CLANG_WARN_CONSTANT_CONVERSION = YES;
				CLANG_WARN_DEPRECATED_OBJC_IMPLEMENTATIONS = YES;
				CLANG_WARN_DIRECT_OBJC_ISA_USAGE = YES_ERROR;
				CLANG_WARN_DOCUMENTATION_COMMENTS = YES;
				CLANG_WARN_EMPTY_BODY = YES;
				CLANG_WARN_ENUM_CONVERSION = YES;
				CLANG_WARN_INFINITE_RECURSION = YES;
				CLANG_WARN_INT_CONVERSION = YES;
				CLANG_WARN_NON_LITERAL_NULL_CONVERSION = YES;
				CLANG_WARN_OBJC_IMPLICIT_RETAIN_SELF = YES;
				CLANG_WARN_OBJC_LITERAL_CONVERSION = YES;
				CLANG_WARN_OBJC_ROOT_CLASS = YES_ERROR;
				CLANG_WARN_RANGE_LOOP_ANALYSIS = YES;
				CLANG_WARN_STRICT_PROTOTYPES = YES;
				CLANG_WARN_SUSPICIOUS_MOVE = YES;
				CLANG_WARN_UNGUARDED_AVAILABILITY = YES_AGGRESSIVE;
				CLANG_WARN_UNREACHABLE_CODE = YES;
				CLANG_WARN__DUPLICATE_METHOD_MATCH = YES;
				CODE_SIGN_IDENTITY = "-";
				COPY_PHASE_STRIP = NO;
				DEBUG_INFORMATION_FORMAT = "dwarf-with-dsym";
				ENABLE_NS_ASSERTIONS = NO;
				ENABLE_STRICT_OBJC_MSGSEND = YES;
				GCC_C_LANGUAGE_STANDARD = gnu11;
				GCC_NO_COMMON_BLOCKS = YES;
				GCC_WARN_64_TO_32_BIT_CONVERSION = YES;
				GCC_WARN_ABOUT_RETURN_TYPE = YES_ERROR;
				GCC_WARN_UNDECLARED_SELECTOR = YES;
				GCC_WARN_UNINITIALIZED_AUTOS = YES_AGGRESSIVE;
				GCC_WARN_UNUSED_FUNCTION = YES;
				GCC_WARN_UNUSED_VARIABLE = YES;
				MACOSX_DEPLOYMENT_TARGET = 10.14;
				MTL_ENABLE_DEBUG_INFO = NO;
				MTL_FAST_MATH = YES;
				SDKROOT = macosx;
				SWIFT_COMPILATION_MODE = wholemodule;
				SWIFT_OPTIMIZATION_LEVEL = "-O";
			};
			name = Release;
		};
		20CB5634568AC76D6635200B /* Debug */ = {
			isa = XCBuildConfiguration;
			buildSettings = {
				ALWAYS_SEARCH_USER_PATHS = NO;
				CLANG_ANALYZER_NONNULL = YES;
				CLANG_ANALYZER_NUMBER_OBJECT_CONVERSION = YES_AGGRESSIVE;
				CLANG_CXX_LANGUAGE_STANDARD = "gnu++14";
				CLANG_CXX_LIBRARY = "libc++";
				CLANG_ENABLE_MODULES = YES;
				CLANG_ENABLE_OBJC_ARC = YES;
				CLANG_ENABLE_OBJC_WEAK = YES;
				CLANG_WARN_BLOCK_CAPTURE_AUTORELEASING = YES;
				CLANG_WARN_BOOL_CONVERSION = YES;
				CLANG_WARN_COMMA = YES;
				CLANG_WARN_CONSTANT_CONVERSION = YES;
				CLANG_WARN_DEPRECATED_OBJC_IMPLEMENTATIONS = YES;
				CLANG_WARN_DIRECT_OBJC_ISA_USAGE = YES_ERROR;
				CLANG_WARN_DOCUMENTATION_COMMENTS = YES;
				CLANG_WARN_EMPTY_BODY = YES;
				CLANG_WARN_ENUM_CONVERSION = YES;
				CLANG_WARN_INFINITE_RECURSION = YES;
				CLANG_WARN_INT_CONVERSION = YES;
				CLANG_WARN_NON_LITERAL_NULL_CONVERSION = YES;
				CLANG_WARN_OBJC_IMPLICIT_RETAIN_SELF = YES;
				CLANG_WARN_OBJC_LITERAL_CONVERSION = YES;
				CLANG_WARN_OBJC_ROOT_CLASS = YES_ERROR;
				CLANG_WARN_RANGE_LOOP_ANALYSIS = YES;
				CLANG_WARN_STRICT_PROTOTYPES = YES;
				CLANG_WARN_SUSPICIOUS_MOVE = YES;
				CLANG_WARN_UNGUARDED_AVAILABILITY = YES_AGGRESSIVE;
				CLANG_WARN_UNREACHABLE_CODE = YES;
				CLANG_WARN__DUPLICATE_METHOD_MATCH = YES;
				CODE_SIGN_IDENTITY = "-";
				COPY_PHASE_STRIP = NO;
				DEBUG_INFORMATION_FORMAT = dwarf;
				ENABLE_STRICT_OBJC_MSGSEND = YES;
				ENABLE_TESTABILITY = YES;
				GCC_C_LANGUAGE_STANDARD = gnu11;
				GCC_DYNAMIC_NO_PIC = NO;
				GCC_NO_COMMON_BLOCKS = YES;
				GCC_OPTIMIZATION_LEVEL = 0;
				GCC_PREPROCESSOR_DEFINITIONS = (
					"DEBUG=1",
					"$(inherited)",
				);
				GCC_WARN_64_TO_32_BIT_CONVERSION = YES;
				GCC_WARN_ABOUT_RETURN_TYPE = YES_ERROR;
				GCC_WARN_UNDECLARED_SELECTOR = YES;
				GCC_WARN_UNINITIALIZED_AUTOS = YES_AGGRESSIVE;
				GCC_WARN_UNUSED_FUNCTION = YES;
				GCC_WARN_UNUSED_VARIABLE = YES;
				MACOSX_DEPLOYMENT_TARGET = 10.14;
				MTL_ENABLE_DEBUG_INFO = INCLUDE_SOURCE;
				MTL_FAST_MATH = YES;
				ONLY_ACTIVE_ARCH = YES;
				SDKROOT = macosx;
				SWIFT_ACTIVE_COMPILATION_CONDITIONS = DEBUG;
				SWIFT_OPTIMIZATION_LEVEL = "-Onone";
			};
			name = Debug;
		};
		20CB5CAEBDA10B9D26730C06 /* Release */ = {
			isa = XCBuildConfiguration;
			buildSettings = {
				PRODUCT_NAME = "$(TARGET_NAME)";
				SWIFT_VERSION = 5.0;
			};
			name = Release;
		};
/* End XCBuildConfiguration section */

/* Begin XCConfigurationList section */
		20CB59770AE90EC45BEE5D30 /* Build configuration list for PBXProject "simple-neural-network-swift" */ = {
			isa = XCConfigurationList;
			buildConfigurations = (
				20CB5634568AC76D6635200B /* Debug */,
				20CB5574854CAFC62BD52119 /* Release */,
			);
			defaultConfigurationIsVisible = 0;
			defaultConfigurationName = Release;
		};
		20CB5DF0E192AB8DE2FC8CF5 /* Build configuration list for PBXNativeTarget "simple-neural-network-swift" */ = {
			isa = XCConfigurationList;
			buildConfigurations = (
				20CB529372FB1BD5D401BDA2 /* Debug */,
				20CB5CAEBDA10B9D26730C06 /* Release */,
			);
			defaultConfigurationIsVisible = 0;
		};
/* End XCConfigurationList section */
	};
	rootObject = 20CB53CB9535E2CF5B5ADDB3 /* Project object */;
}
